lockfileVersion: '6.0'

settings:
  autoInstallPeers: true
  excludeLinksFromLockfile: false

dependencies:
  marked:
    specifier: ^4.2.5
    version: 4.3.0

packages:

  /marked@4.3.0:
    resolution: {integrity: sha512-PRsaiG84bK+AMvxziE/lCFss8juXjNaWzVbN5tXAm4XjeaS9NAHhop+PjQxz2A9h8Q4M/xGmzP8vqNwy6JeK0A==, tarball: https://registry.npmmirror.com/marked/-/marked-4.3.0.tgz}
    engines: {node: '>= 12'}
    hasBin: true
    dev: false
